// !$*UTF8*$!
{
	archiveVersion = 1;
	classes = {
	};
	objectVersion = 51;
	objects = {

/* Begin PBXBuildFile section */
		6D33AD9E5A3209075E0AB1BD /* Pods_Todoey.framework in Frameworks */ = {isa = PBXBuildFile; fileRef = AF862AD157BC2869680448C1 /* Pods_Todoey.framework */; };
		FB0BBA6B2329D3C900135D78 /* AppDelegate.swift in Sources */ = {isa = PBXBuildFile; fileRef = FB0BBA6A2329D3C900135D78 /* AppDelegate.swift */; };
		FB0BBA6D2329D3C900135D78 /* TodoListViewController.swift in Sources */ = {isa = PBXBuildFile; fileRef = FB0BBA6C2329D3C900135D78 /* TodoListViewController.swift */; };
		FB0BBA702329D3C900135D78 /* Main.storyboard in Resources */ = {isa = PBXBuildFile; fileRef = FB0BBA6E2329D3C900135D78 /* Main.storyboard */; };
		FB0BBA722329D3CF00135D78 /* Assets.xcassets in Resources */ = {isa = PBXBuildFile; fileRef = FB0BBA712329D3CF00135D78 /* Assets.xcassets */; };
		FB0BBA752329D3CF00135D78 /* LaunchScreen.storyboard in Resources */ = {isa = PBXBuildFile; fileRef = FB0BBA732329D3CF00135D78 /* LaunchScreen.storyboard */; };
		FB5094FA2331141B00D9BEE3 /* CategoryViewController.swift in Sources */ = {isa = PBXBuildFile; fileRef = FB5094F92331141B00D9BEE3 /* CategoryViewController.swift */; };
		FB5094FE23325FD700D9BEE3 /* Item.swift in Sources */ = {isa = PBXBuildFile; fileRef = FB5094FD23325FD700D9BEE3 /* Item.swift */; };
		FB5095002332602C00D9BEE3 /* Category.swift in Sources */ = {isa = PBXBuildFile; fileRef = FB5094FF2332602C00D9BEE3 /* Category.swift */; };
		FB5095022337DB8A00D9BEE3 /* SwipeTableViewController.swift in Sources */ = {isa = PBXBuildFile; fileRef = FB5095012337DB8A00D9BEE3 /* SwipeTableViewController.swift */; };
/* End PBXBuildFile section */

/* Begin PBXFileReference section */
		2A75467680FD40AA6D6A27E2 /* Pods-Todoey.release.xcconfig */ = {isa = PBXFileReference; includeInIndex = 1; lastKnownFileType = text.xcconfig; name = "Pods-Todoey.release.xcconfig"; path = "Target Support Files/Pods-Todoey/Pods-Todoey.release.xcconfig"; sourceTree = "<group>"; };
		AF862AD157BC2869680448C1 /* Pods_Todoey.framework */ = {isa = PBXFileReference; explicitFileType = wrapper.framework; includeInIndex = 0; path = Pods_Todoey.framework; sourceTree = BUILT_PRODUCTS_DIR; };
		F905C0B4055222EA981FD3A9 /* Pods-Todoey.debug.xcconfig */ = {isa = PBXFileReference; includeInIndex = 1; lastKnownFileType = text.xcconfig; name = "Pods-Todoey.debug.xcconfig"; path = "Target Support Files/Pods-Todoey/Pods-Todoey.debug.xcconfig"; sourceTree = "<group>"; };
		FB0BBA672329D3C900135D78 /* Todoey.app */ = {isa = PBXFileReference; explicitFileType = wrapper.application; includeInIndex = 0; path = Todoey.app; sourceTree = BUILT_PRODUCTS_DIR; };
		FB0BBA6A2329D3C900135D78 /* AppDelegate.swift */ = {isa = PBXFileReference; lastKnownFileType = sourcecode.swift; path = AppDelegate.swift; sourceTree = "<group>"; };
		FB0BBA6C2329D3C900135D78 /* TodoListViewController.swift */ = {isa = PBXFileReference; lastKnownFileType = sourcecode.swift; path = TodoListViewController.swift; sourceTree = "<group>"; };
		FB0BBA6F2329D3C900135D78 /* Base */ = {isa = PBXFileReference; lastKnownFileType = file.storyboard; name = Base; path = Base.lproj/Main.storyboard; sourceTree = "<group>"; };
		FB0BBA712329D3CF00135D78 /* Assets.xcassets */ = {isa = PBXFileReference; lastKnownFileType = folder.assetcatalog; path = Assets.xcassets; sourceTree = "<group>"; };
		FB0BBA742329D3CF00135D78 /* Base */ = {isa = PBXFileReference; lastKnownFileType = file.storyboard; name = Base; path = Base.lproj/LaunchScreen.storyboard; sourceTree = "<group>"; };
		FB0BBA762329D3CF00135D78 /* Info.plist */ = {isa = PBXFileReference; lastKnownFileType = text.plist.xml; path = Info.plist; sourceTree = "<group>"; };
		FB5094F92331141B00D9BEE3 /* CategoryViewController.swift */ = {isa = PBXFileReference; lastKnownFileType = sourcecode.swift; path = CategoryViewController.swift; sourceTree = "<group>"; };
		FB5094FD23325FD700D9BEE3 /* Item.swift */ = {isa = PBXFileReference; lastKnownFileType = sourcecode.swift; path = Item.swift; sourceTree = "<group>"; };
		FB5094FF2332602C00D9BEE3 /* Category.swift */ = {isa = PBXFileReference; lastKnownFileType = sourcecode.swift; path = Category.swift; sourceTree = "<group>"; };
		FB5095012337DB8A00D9BEE3 /* SwipeTableViewController.swift */ = {isa = PBXFileReference; lastKnownFileType = sourcecode.swift; path = SwipeTableViewController.swift; sourceTree = "<group>"; };
/* End PBXFileReference section */

/* Begin PBXFrameworksBuildPhase section */
		FB0BBA642329D3C900135D78 /* Frameworks */ = {
			isa = PBXFrameworksBuildPhase;
			buildActionMask = 2147483647;
			files = (
				6D33AD9E5A3209075E0AB1BD /* Pods_Todoey.framework in Frameworks */,
			);
			runOnlyForDeploymentPostprocessing = 0;
		};
/* End PBXFrameworksBuildPhase section */

/* Begin PBXGroup section */
		AD904BA9273A651F723E4D36 /* Frameworks */ = {
			isa = PBXGroup;
			children = (
				AF862AD157BC2869680448C1 /* Pods_Todoey.framework */,
			);
			name = Frameworks;
			sourceTree = "<group>";
		};
		F48E6D893881A06EA371CCD5 /* Pods */ = {
			isa = PBXGroup;
			children = (
				F905C0B4055222EA981FD3A9 /* Pods-Todoey.debug.xcconfig */,
				2A75467680FD40AA6D6A27E2 /* Pods-Todoey.release.xcconfig */,
			);
			path = Pods;
			sourceTree = "<group>";
		};
		FB0BBA5E2329D3C900135D78 = {
			isa = PBXGroup;
			children = (
				FB0BBA692329D3C900135D78 /* Todoey */,
				FB0BBA682329D3C900135D78 /* Products */,
				F48E6D893881A06EA371CCD5 /* Pods */,
				AD904BA9273A651F723E4D36 /* Frameworks */,
			);
			sourceTree = "<group>";
		};
		FB0BBA682329D3C900135D78 /* Products */ = {
			isa = PBXGroup;
			children = (
				FB0BBA672329D3C900135D78 /* Todoey.app */,
			);
			name = Products;
			sourceTree = "<group>";
		};
		FB0BBA692329D3C900135D78 /* Todoey */ = {
			isa = PBXGroup;
			children = (
				FB0BBA6A2329D3C900135D78 /* AppDelegate.swift */,
				FB5094D2232B37D300D9BEE3 /* Controllers */,
				FB5094D1232B377D00D9BEE3 /* Data Model */,
				FB5094D3232B382200D9BEE3 /* Views */,
				FB5094D4232B387C00D9BEE3 /* Supporting Files */,
				FB0BBA762329D3CF00135D78 /* Info.plist */,
			);
			path = Todoey;
			sourceTree = "<group>";
		};
		FB5094D1232B377D00D9BEE3 /* Data Model */ = {
			isa = PBXGroup;
			children = (
				FB5094FF2332602C00D9BEE3 /* Category.swift */,
				FB5094FD23325FD700D9BEE3 /* Item.swift */,
			);
			path = "Data Model";
			sourceTree = "<group>";
		};
		FB5094D2232B37D300D9BEE3 /* Controllers */ = {
			isa = PBXGroup;
			children = (
				FB5094F92331141B00D9BEE3 /* CategoryViewController.swift */,
				FB0BBA6C2329D3C900135D78 /* TodoListViewController.swift */,
				FB5095012337DB8A00D9BEE3 /* SwipeTableViewController.swift */,
			);
			path = Controllers;
			sourceTree = "<group>";
		};
		FB5094D3232B382200D9BEE3 /* Views */ = {
			isa = PBXGroup;
			children = (
				FB0BBA6E2329D3C900135D78 /* Main.storyboard */,
			);
			path = Views;
			sourceTree = "<group>";
		};
		FB5094D4232B387C00D9BEE3 /* Supporting Files */ = {
			isa = PBXGroup;
			children = (
				FB0BBA712329D3CF00135D78 /* Assets.xcassets */,
				FB0BBA732329D3CF00135D78 /* LaunchScreen.storyboard */,
			);
			path = "Supporting Files";
			sourceTree = "<group>";
		};
/* End PBXGroup section */

/* Begin PBXNativeTarget section */
		FB0BBA662329D3C900135D78 /* Todoey */ = {
			isa = PBXNativeTarget;
			buildConfigurationList = FB0BBA792329D3CF00135D78 /* Build configuration list for PBXNativeTarget "Todoey" */;
			buildPhases = (
				82C044455CF73494BD2A7978 /* [CP] Check Pods Manifest.lock */,
				FB0BBA632329D3C900135D78 /* Sources */,
				FB0BBA642329D3C900135D78 /* Frameworks */,
				FB0BBA652329D3C900135D78 /* Resources */,
				B2FA798F732FF2A168B47016 /* [CP] Embed Pods Frameworks */,
			);
			buildRules = (
			);
			dependencies = (
			);
			name = Todoey;
			productName = Todoey;
			productReference = FB0BBA672329D3C900135D78 /* Todoey.app */;
			productType = "com.apple.product-type.application";
		};
/* End PBXNativeTarget section */

/* Begin PBXProject section */
		FB0BBA5F2329D3C900135D78 /* Project object */ = {
			isa = PBXProject;
			attributes = {
				LastSwiftUpdateCheck = 1010;
				LastUpgradeCheck = 1010;
				ORGANIZATIONNAME = "Daryl Corbett";
				TargetAttributes = {
					FB0BBA662329D3C900135D78 = {
						CreatedOnToolsVersion = 10.1;
					};
				};
			};
			buildConfigurationList = FB0BBA622329D3C900135D78 /* Build configuration list for PBXProject "Todoey" */;
			compatibilityVersion = "Xcode 9.3";
			developmentRegion = en;
			hasScannedForEncodings = 0;
			knownRegions = (
				en,
				Base,
			);
			mainGroup = FB0BBA5E2329D3C900135D78;
			productRefGroup = FB0BBA682329D3C900135D78 /* Products */;
			projectDirPath = "";
			projectRoot = "";
			targets = (
				FB0BBA662329D3C900135D78 /* Todoey */,
			);
		};
/* End PBXProject section */

/* Begin PBXResourcesBuildPhase section */
		FB0BBA652329D3C900135D78 /* Resources */ = {
			isa = PBXResourcesBuildPhase;
			buildActionMask = 2147483647;
			files = (
				FB0BBA752329D3CF00135D78 /* LaunchScreen.storyboard in Resources */,
				FB0BBA722329D3CF00135D78 /* Assets.xcassets in Resources */,
				FB0BBA702329D3C900135D78 /* Main.storyboard in Resources */,
			);
			runOnlyForDeploymentPostprocessing = 0;
		};
/* End PBXResourcesBuildPhase section */

/* Begin PBXShellScriptBuildPhase section */
		82C044455CF73494BD2A7978 /* [CP] Check Pods Manifest.lock */ = {
			isa = PBXShellScriptBuildPhase;
			buildActionMask = 2147483647;
			files = (
			);
			inputFileListPaths = (
			);
			inputPaths = (
				"${PODS_PODFILE_DIR_PATH}/Podfile.lock",
				"${PODS_ROOT}/Manifest.lock",
			);
			name = "[CP] Check Pods Manifest.lock";
			outputFileListPaths = (
			);
			outputPaths = (
				"$(DERIVED_FILE_DIR)/Pods-Todoey-checkManifestLockResult.txt",
			);
			runOnlyForDeploymentPostprocessing = 0;
			shellPath = /bin/sh;
			shellScript = "diff \"${PODS_PODFILE_DIR_PATH}/Podfile.lock\" \"${PODS_ROOT}/Manifest.lock\" > /dev/null\nif [ $? != 0 ] ; then\n    # print error to STDERR\n    echo \"error: The sandbox is not in sync with the Podfile.lock. Run 'pod install' or update your CocoaPods installation.\" >&2\n    exit 1\nfi\n# This output is used by Xcode 'outputs' to avoid re-running this script phase.\necho \"SUCCESS\" > \"${SCRIPT_OUTPUT_FILE_0}\"\n";
			showEnvVarsInLog = 0;
		};
		B2FA798F732FF2A168B47016 /* [CP] Embed Pods Frameworks */ = {
			isa = PBXShellScriptBuildPhase;
			buildActionMask = 2147483647;
			files = (
			);
			inputFileListPaths = (
				"${PODS_ROOT}/Target Support Files/Pods-Todoey/Pods-Todoey-frameworks-${CONFIGURATION}-input-files.xcfilelist",
			);
			name = "[CP] Embed Pods Frameworks";
			outputFileListPaths = (
				"${PODS_ROOT}/Target Support Files/Pods-Todoey/Pods-Todoey-frameworks-${CONFIGURATION}-output-files.xcfilelist",
			);
			runOnlyForDeploymentPostprocessing = 0;
			shellPath = /bin/sh;
			shellScript = "\"${PODS_ROOT}/Target Support Files/Pods-Todoey/Pods-Todoey-frameworks.sh\"\n";
			showEnvVarsInLog = 0;
		};
/* End PBXShellScriptBuildPhase section */

/* Begin PBXSourcesBuildPhase section */
		FB0BBA632329D3C900135D78 /* Sources */ = {
			isa = PBXSourcesBuildPhase;
			buildActionMask = 2147483647;
			files = (
				FB5094FE23325FD700D9BEE3 /* Item.swift in Sources */,
				FB5094FA2331141B00D9BEE3 /* CategoryViewController.swift in Sources */,
				FB0BBA6D2329D3C900135D78 /* TodoListViewController.swift in Sources */,
				FB0BBA6B2329D3C900135D78 /* AppDelegate.swift in Sources */,
				FB5095022337DB8A00D9BEE3 /* SwipeTableViewController.swift in Sources */,
				FB5095002332602C00D9BEE3 /* Category.swift in Sources */,
			);
			runOnlyForDeploymentPostprocessing = 0;
		};
/* End PBXSourcesBuildPhase section */

/* Begin PBXVariantGroup section */
		FB0BBA6E2329D3C900135D78 /* Main.storyboard */ = {
			isa = PBXVariantGroup;
			children = (
				FB0BBA6F2329D3C900135D78 /* Base */,
			);
			name = Main.storyboard;
			sourceTree = "<group>";
		};
		FB0BBA732329D3CF00135D78 /* LaunchScreen.storyboard */ = {
			isa = PBXVariantGroup;
			children = (
				FB0BBA742329D3CF00135D78 /* Base */,
			);
			name = LaunchScreen.storyboard;
			sourceTree = "<group>";
		};
/* End PBXVariantGroup section */

/* Begin XCBuildConfiguration section */
		FB0BBA772329D3CF00135D78 /* Debug */ = {
			isa = XCBuildConfiguration;
			buildSettings = {
				ALWAYS_SEARCH_USER_PATHS = NO;
				CLANG_ANALYZER_NONNULL = YES;
				CLANG_ANALYZER_NUMBER_OBJECT_CONVERSION = YES_AGGRESSIVE;
				CLANG_CXX_LANGUAGE_STANDARD = "gnu++14";
				CLANG_CXX_LIBRARY = "libc++";
				CLANG_ENABLE_MODULES = YES;
				CLANG_ENABLE_OBJC_ARC = YES;
				CLANG_ENABLE_OBJC_WEAK = YES;
				CLANG_WARN_BLOCK_CAPTURE_AUTORELEASING = YES;
				CLANG_WARN_BOOL_CONVERSION = YES;
				CLANG_WARN_COMMA = YES;
				CLANG_WARN_CONSTANT_CONVERSION = YES;
				CLANG_WARN_DEPRECATED_OBJC_IMPLEMENTATIONS = YES;
				CLANG_WARN_DIRECT_OBJC_ISA_USAGE = YES_ERROR;
				CLANG_WARN_DOCUMENTATION_COMMENTS = YES;
				CLANG_WARN_EMPTY_BODY = YES;
				CLANG_WARN_ENUM_CONVERSION = YES;
				CLANG_WARN_INFINITE_RECURSION = YES;
				CLANG_WARN_INT_CONVERSION = YES;
				CLANG_WARN_NON_LITERAL_NULL_CONVERSION = YES;
				CLANG_WARN_OBJC_IMPLICIT_RETAIN_SELF = YES;
				CLANG_WARN_OBJC_LITERAL_CONVERSION = YES;
				CLANG_WARN_OBJC_ROOT_CLASS = YES_ERROR;
				CLANG_WARN_RANGE_LOOP_ANALYSIS = YES;
				CLANG_WARN_STRICT_PROTOTYPES = YES;
				CLANG_WARN_SUSPICIOUS_MOVE = YES;
				CLANG_WARN_UNGUARDED_AVAILABILITY = YES_AGGRESSIVE;
				CLANG_WARN_UNREACHABLE_CODE = YES;
				CLANG_WARN__DUPLICATE_METHOD_MATCH = YES;
				CODE_SIGN_IDENTITY = "iPhone Developer";
				COPY_PHASE_STRIP = NO;
				DEBUG_INFORMATION_FORMAT = dwarf;
				ENABLE_STRICT_OBJC_MSGSEND = YES;
				ENABLE_TESTABILITY = YES;
				GCC_C_LANGUAGE_STANDARD = gnu11;
				GCC_DYNAMIC_NO_PIC = NO;
				GCC_NO_COMMON_BLOCKS = YES;
				GCC_OPTIMIZATION_LEVEL = 0;
				GCC_PREPROCESSOR_DEFINITIONS = (
					"DEBUG=1",
					"$(inherited)",
				);
				GCC_WARN_64_TO_32_BIT_CONVERSION = YES;
				GCC_WARN_ABOUT_RETURN_TYPE = YES_ERROR;
				GCC_WARN_UNDECLARED_SELECTOR = YES;
				GCC_WARN_UNINITIALIZED_AUTOS = YES_AGGRESSIVE;
				GCC_WARN_UNUSED_FUNCTION = YES;
				GCC_WARN_UNUSED_VARIABLE = YES;
				IPHONEOS_DEPLOYMENT_TARGET = 12.1;
				MTL_ENABLE_DEBUG_INFO = INCLUDE_SOURCE;
				MTL_FAST_MATH = YES;
				ONLY_ACTIVE_ARCH = YES;
				SDKROOT = iphoneos;
				SWIFT_ACTIVE_COMPILATION_CONDITIONS = DEBUG;
				SWIFT_OPTIMIZATION_LEVEL = "-Onone";
			};
			name = Debug;
		};
		FB0BBA782329D3CF00135D78 /* Release */ = {
			isa = XCBuildConfiguration;
			buildSettings = {
				ALWAYS_SEARCH_USER_PATHS = NO;
				CLANG_ANALYZER_NONNULL = YES;
				CLANG_ANALYZER_NUMBER_OBJECT_CONVERSION = YES_AGGRESSIVE;
				CLANG_CXX_LANGUAGE_STANDARD = "gnu++14";
				CLANG_CXX_LIBRARY = "libc++";
				CLANG_ENABLE_MODULES = YES;
				CLANG_ENABLE_OBJC_ARC = YES;
				CLANG_ENABLE_OBJC_WEAK = YES;
				CLANG_WARN_BLOCK_CAPTURE_AUTORELEASING = YES;
				CLANG_WARN_BOOL_CONVERSION = YES;
				CLANG_WARN_COMMA = YES;
				CLANG_WARN_CONSTANT_CONVERSION = YES;
				CLANG_WARN_DEPRECATED_OBJC_IMPLEMENTATIONS = YES;
				CLANG_WARN_DIRECT_OBJC_ISA_USAGE = YES_ERROR;
				CLANG_WARN_DOCUMENTATION_COMMENTS = YES;
				CLANG_WARN_EMPTY_BODY = YES;
				CLANG_WARN_ENUM_CONVERSION = YES;
				CLANG_WARN_INFINITE_RECURSION = YES;
				CLANG_WARN_INT_CONVERSION = YES;
				CLANG_WARN_NON_LITERAL_NULL_CONVERSION = YES;
				CLANG_WARN_OBJC_IMPLICIT_RETAIN_SELF = YES;
				CLANG_WARN_OBJC_LITERAL_CONVERSION = YES;
				CLANG_WARN_OBJC_ROOT_CLASS = YES_ERROR;
				CLANG_WARN_RANGE_LOOP_ANALYSIS = YES;
				CLANG_WARN_STRICT_PROTOTYPES = YES;
				CLANG_WARN_SUSPICIOUS_MOVE = YES;
				CLANG_WARN_UNGUARDED_AVAILABILITY = YES_AGGRESSIVE;
				CLANG_WARN_UNREACHABLE_CODE = YES;
				CLANG_WARN__DUPLICATE_METHOD_MATCH = YES;
				CODE_SIGN_IDENTITY = "iPhone Developer";
				COPY_PHASE_STRIP = NO;
				DEBUG_INFORMATION_FORMAT = "dwarf-with-dsym";
				ENABLE_NS_ASSERTIONS = NO;
				ENABLE_STRICT_OBJC_MSGSEND = YES;
				GCC_C_LANGUAGE_STANDARD = gnu11;
				GCC_NO_COMMON_BLOCKS = YES;
				GCC_WARN_64_TO_32_BIT_CONVERSION = YES;
				GCC_WARN_ABOUT_RETURN_TYPE = YES_ERROR;
				GCC_WARN_UNDECLARED_SELECTOR = YES;
				GCC_WARN_UNINITIALIZED_AUTOS = YES_AGGRESSIVE;
				GCC_WARN_UNUSED_FUNCTION = YES;
				GCC_WARN_UNUSED_VARIABLE = YES;
				IPHONEOS_DEPLOYMENT_TARGET = 12.1;
				MTL_ENABLE_DEBUG_INFO = NO;
				MTL_FAST_MATH = YES;
				SDKROOT = iphoneos;
				SWIFT_COMPILATION_MODE = wholemodule;
				SWIFT_OPTIMIZATION_LEVEL = "-O";
				VALIDATE_PRODUCT = YES;
			};
			name = Release;
		};
		FB0BBA7A2329D3CF00135D78 /* Debug */ = {
			isa = XCBuildConfiguration;
			baseConfigurationReference = F905C0B4055222EA981FD3A9 /* Pods-Todoey.debug.xcconfig */;
			buildSettings = {
				ASSETCATALOG_COMPILER_APPICON_NAME = AppIcon;
				CODE_SIGN_STYLE = Automatic;
				DEVELOPMENT_TEAM = RMD9JAN436;
				INFOPLIST_FILE = Todoey/Info.plist;
				LD_RUNPATH_SEARCH_PATHS = (
					"$(inherited)",
					"@executable_path/Frameworks",
				);
				PRODUCT_BUNDLE_IDENTIFIER = com.daryl.Todoey;
				PRODUCT_NAME = "$(TARGET_NAME)";
				SWIFT_VERSION = 4.2;
				TARGETED_DEVICE_FAMILY = "1,2";
			};
			name = Debug;
		};
		FB0BBA7B2329D3CF00135D78 /* Release */ = {
			isa = XCBuildConfiguration;
			baseConfigurationReference = 2A75467680FD40AA6D6A27E2 /* Pods-Todoey.release.xcconfig */;
			buildSettings = {
				ASSETCATALOG_COMPILER_APPICON_NAME = AppIcon;
				CODE_SIGN_STYLE = Automatic;
				DEVELOPMENT_TEAM = RMD9JAN436;
				INFOPLIST_FILE = Todoey/Info.plist;
				LD_RUNPATH_SEARCH_PATHS = (
					"$(inherited)",
					"@executable_path/Frameworks",
				);
				PRODUCT_BUNDLE_IDENTIFIER = com.daryl.Todoey;
				PRODUCT_NAME = "$(TARGET_NAME)";
				SWIFT_VERSION = 4.2;
				TARGETED_DEVICE_FAMILY = "1,2";
			};
			name = Release;
		};
/* End XCBuildConfiguration section */

/* Begin XCConfigurationList section */
		FB0BBA622329D3C900135D78 /* Build configuration list for PBXProject "Todoey" */ = {
			isa = XCConfigurationList;
			buildConfigurations = (
				FB0BBA772329D3CF00135D78 /* Debug */,
				FB0BBA782329D3CF00135D78 /* Release */,
			);
			defaultConfigurationIsVisible = 0;
			defaultConfigurationName = Release;
		};
		FB0BBA792329D3CF00135D78 /* Build configuration list for PBXNativeTarget "Todoey" */ = {
			isa = XCConfigurationList;
			buildConfigurations = (
				FB0BBA7A2329D3CF00135D78 /* Debug */,
				FB0BBA7B2329D3CF00135D78 /* Release */,
			);
			defaultConfigurationIsVisible = 0;
			defaultConfigurationName = Release;
		};
/* End XCConfigurationList section */
	};
	rootObject = FB0BBA5F2329D3C900135D78 /* Project object */;
}
